
Microsoft Visual Studio Solution File, Format Version 12.00
# Visual Studio 15
VisualStudioVersion = 15.0.26929.2
MinimumVisualStudioVersion = 10.0.40219.1
Project("{FAE04EC0-301F-11D3-BF4B-00C04F79EFBC}") = "RazorGenerator.MsBuild", "RazorGenerator.MsBuild\RazorGenerator.MsBuild.csproj", "{A229A158-CFD5-4D05-945D-A3192F5C895B}"
EndProject
Project("{FAE04EC0-301F-11D3-BF4B-00C04F79EFBC}") = "RazorGenerator.Core", "RazorGenerator.Core\RazorGenerator.Core.csproj", "{AF040852-112F-494D-B1D0-B50888928DB6}"
EndProject
Project("{FAE04EC0-301F-11D3-BF4B-00C04F79EFBC}") = "RazorGenerator.Core.v3", "RazorGenerator.Core.v3\RazorGenerator.Core.v3.csproj", "{1B52667F-2486-4F11-ADAF-4C223241C8DF}"
EndProject
Project("{9A19103F-16F7-4668-BE54-9A1E7A4F7556}") = "gen", "gen\gen.csproj", "{80382D01-F103-4D65-838B-27B8AD58BE0D}"
EndProject
Project("{2150E333-8FDC-42A3-9474-1A3956D46DE8}") = "Solution Items", "Solution Items", "{C2A3206D-8F30-4A30-9DED-5F7B2F94728D}"
	ProjectSection(SolutionItems) = preProject
		build.cmd = build.cmd
		nuget.config = nuget.config
		README.md = README.md
	EndProjectSection
EndProject
Global
	GlobalSection(SolutionConfigurationPlatforms) = preSolution
		Debug|Any CPU = Debug|Any CPU
		Debug|Mixed Platforms = Debug|Mixed Platforms
		Debug|x86 = Debug|x86
		Release|Any CPU = Release|Any CPU
		Release|Mixed Platforms = Release|Mixed Platforms
		Release|x86 = Release|x86
	EndGlobalSection
	GlobalSection(ProjectConfigurationPlatforms) = postSolution
		{A229A158-CFD5-4D05-945D-A3192F5C895B}.Debug|Any CPU.ActiveCfg = Debug|Any CPU
		{A229A158-CFD5-4D05-945D-A3192F5C895B}.Debug|Any CPU.Build.0 = Debug|Any CPU
		{A229A158-CFD5-4D05-945D-A3192F5C895B}.Debug|Mixed Platforms.ActiveCfg = Debug|Any CPU
		{A229A158-CFD5-4D05-945D-A3192F5C895B}.Debug|Mixed Platforms.Build.0 = Debug|Any CPU
		{A229A158-CFD5-4D05-945D-A3192F5C895B}.Debug|x86.ActiveCfg = Debug|Any CPU
		{A229A158-CFD5-4D05-945D-A3192F5C895B}.Debug|x86.Build.0 = Debug|Any CPU
		{A229A158-CFD5-4D05-945D-A3192F5C895B}.Release|Any CPU.ActiveCfg = Release|Any CPU
		{A229A158-CFD5-4D05-945D-A3192F5C895B}.Release|Any CPU.Build.0 = Release|Any CPU
		{A229A158-CFD5-4D05-945D-A3192F5C895B}.Release|Mixed Platforms.ActiveCfg = Release|Any CPU
		{A229A158-CFD5-4D05-945D-A3192F5C895B}.Release|Mixed Platforms.Build.0 = Release|Any CPU
		{A229A158-CFD5-4D05-945D-A3192F5C895B}.Release|x86.ActiveCfg = Release|Any CPU
		{A229A158-CFD5-4D05-945D-A3192F5C895B}.Release|x86.Build.0 = Release|Any CPU
		{AF040852-112F-494D-B1D0-B50888928DB6}.Debug|Any CPU.ActiveCfg = Debug|Any CPU
		{AF040852-112F-494D-B1D0-B50888928DB6}.Debug|Any CPU.Build.0 = Debug|Any CPU
		{AF040852-112F-494D-B1D0-B50888928DB6}.Debug|Mixed Platforms.ActiveCfg = Debug|Any CPU
		{AF040852-112F-494D-B1D0-B50888928DB6}.Debug|Mixed Platforms.Build.0 = Debug|Any CPU
		{AF040852-112F-494D-B1D0-B50888928DB6}.Debug|x86.ActiveCfg = Debug|Any CPU
		{AF040852-112F-494D-B1D0-B50888928DB6}.Debug|x86.Build.0 = Debug|Any CPU
		{AF040852-112F-494D-B1D0-B50888928DB6}.Release|Any CPU.ActiveCfg = Release|Any CPU
		{AF040852-112F-494D-B1D0-B50888928DB6}.Release|Any CPU.Build.0 = Release|Any CPU
		{AF040852-112F-494D-B1D0-B50888928DB6}.Release|Mixed Platforms.ActiveCfg = Release|Any CPU
		{AF040852-112F-494D-B1D0-B50888928DB6}.Release|Mixed Platforms.Build.0 = Release|Any CPU
		{AF040852-112F-494D-B1D0-B50888928DB6}.Release|x86.ActiveCfg = Release|Any CPU
		{AF040852-112F-494D-B1D0-B50888928DB6}.Release|x86.Build.0 = Release|Any CPU
		{1B52667F-2486-4F11-ADAF-4C223241C8DF}.Debug|Any CPU.ActiveCfg = Debug|Any CPU
		{1B52667F-2486-4F11-ADAF-4C223241C8DF}.Debug|Any CPU.Build.0 = Debug|Any CPU
		{1B52667F-2486-4F11-ADAF-4C223241C8DF}.Debug|Mixed Platforms.ActiveCfg = Debug|Any CPU
		{1B52667F-2486-4F11-ADAF-4C223241C8DF}.Debug|Mixed Platforms.Build.0 = Debug|Any CPU
		{1B52667F-2486-4F11-ADAF-4C223241C8DF}.Debug|x86.ActiveCfg = Debug|Any CPU
		{1B52667F-2486-4F11-ADAF-4C223241C8DF}.Debug|x86.Build.0 = Debug|Any CPU
		{1B52667F-2486-4F11-ADAF-4C223241C8DF}.Release|Any CPU.ActiveCfg = Release|Any CPU
		{1B52667F-2486-4F11-ADAF-4C223241C8DF}.Release|Any CPU.Build.0 = Release|Any CPU
		{1B52667F-2486-4F11-ADAF-4C223241C8DF}.Release|Mixed Platforms.ActiveCfg = Release|Any CPU
		{1B52667F-2486-4F11-ADAF-4C223241C8DF}.Release|Mixed Platforms.Build.0 = Release|Any CPU
		{1B52667F-2486-4F11-ADAF-4C223241C8DF}.Release|x86.ActiveCfg = Release|Any CPU
		{1B52667F-2486-4F11-ADAF-4C223241C8DF}.Release|x86.Build.0 = Release|Any CPU
		{80382D01-F103-4D65-838B-27B8AD58BE0D}.Debug|Any CPU.ActiveCfg = Debug|Any CPU
		{80382D01-F103-4D65-838B-27B8AD58BE0D}.Debug|Any CPU.Build.0 = Debug|Any CPU
		{80382D01-F103-4D65-838B-27B8AD58BE0D}.Debug|Mixed Platforms.ActiveCfg = Debug|Any CPU
		{80382D01-F103-4D65-838B-27B8AD58BE0D}.Debug|Mixed Platforms.Build.0 = Debug|Any CPU
		{80382D01-F103-4D65-838B-27B8AD58BE0D}.Debug|x86.ActiveCfg = Debug|Any CPU
		{80382D01-F103-4D65-838B-27B8AD58BE0D}.Release|Any CPU.ActiveCfg = Release|Any CPU
		{80382D01-F103-4D65-838B-27B8AD58BE0D}.Release|Any CPU.Build.0 = Release|Any CPU
		{80382D01-F103-4D65-838B-27B8AD58BE0D}.Release|Mixed Platforms.ActiveCfg = Release|Any CPU
		{80382D01-F103-4D65-838B-27B8AD58BE0D}.Release|Mixed Platforms.Build.0 = Release|Any CPU
		{80382D01-F103-4D65-838B-27B8AD58BE0D}.Release|x86.ActiveCfg = Release|Any CPU
	EndGlobalSection
	GlobalSection(SolutionProperties) = preSolution
		HideSolutionNode = FALSE
	EndGlobalSection
	GlobalSection(ExtensibilityGlobals) = postSolution
		SolutionGuid = {ECF9B4D5-99E7-45C9-9E8E-671E33BEA96E}
	EndGlobalSection
	GlobalSection(TestCaseManagementSettings) = postSolution
		CategoryFile = RazorGenerator.Runtime.vsmdi
	EndGlobalSection
EndGlobal
